
Microsoft Visual Studio Solution File, Format Version 12.00
# Visual Studio 14
VisualStudioVersion = 14.0.25420.1
MinimumVisualStudioVersion = 10.0.40219.1
Project("{FAE04EC0-301F-11D3-BF4B-00C04F79EFBC}") = "MyWalletApp.Mobile", "MyWalletApp.Mobile\MyWalletApp.Mobile.csproj", "{D837BB03-ECE7-414D-AE0C-E0942B53B21A}"
EndProject
Global
	GlobalSection(SolutionConfigurationPlatforms) = preSolution
		Debug|Any CPU = Debug|Any CPU
		Release|Any CPU = Release|Any CPU
	EndGlobalSection
	GlobalSection(ProjectConfigurationPlatforms) = postSolution
		{D837BB03-ECE7-414D-AE0C-E0942B53B21A}.Debug|Any CPU.ActiveCfg = Debug|Any CPU
		{D837BB03-ECE7-414D-AE0C-E0942B53B21A}.Debug|Any CPU.Build.0 = Debug|Any CPU
		{D837BB03-ECE7-414D-AE0C-E0942B53B21A}.Debug|Any CPU.Deploy.0 = Debug|Any CPU
		{D837BB03-ECE7-414D-AE0C-E0942B53B21A}.Release|Any CPU.ActiveCfg = Release|Any CPU
		{D837BB03-ECE7-414D-AE0C-E0942B53B21A}.Release|Any CPU.Build.0 = Release|Any CPU
		{D837BB03-ECE7-414D-AE0C-E0942B53B21A}.Release|Any CPU.Deploy.0 = Release|Any CPU
	EndGlobalSection
	GlobalSection(SolutionProperties) = preSolution
		HideSolutionNode = FALSE
	EndGlobalSection
EndGlobal
